
Microsoft Visual Studio Solution File, Format Version 12.00
# Visual Studio Version 16
VisualStudioVersion = 16.0.31025.194
MinimumVisualStudioVersion = 10.0.40219.1
Project("{FAE04EC0-301F-11D3-BF4B-00C04F79EFBC}") = "MRCopyFile", "MRCopyFile\MRCopyFile.csproj", "{1D763099-F4EA-45CB-B369-2CD00C0CF551}"
EndProject
Project("{9A19103F-16F7-4668-BE54-9A1E7A4F7556}") = "MR.Log", "..\lib\MR.Utils\MR.Log\MR.Log.csproj", "{9C57D9EF-5434-4F38-B7E0-EC73E7BB2BB8}"
EndProject
Global
	GlobalSection(SolutionConfigurationPlatforms) = preSolution
		Debug|Any CPU = Debug|Any CPU
		Release|Any CPU = Release|Any CPU
	EndGlobalSection
	GlobalSection(ProjectConfigurationPlatforms) = postSolution
		{1D763099-F4EA-45CB-B369-2CD00C0CF551}.Debug|Any CPU.ActiveCfg = Debug|Any CPU
		{1D763099-F4EA-45CB-B369-2CD00C0CF551}.Debug|Any CPU.Build.0 = Debug|Any CPU
		{1D763099-F4EA-45CB-B369-2CD00C0CF551}.Release|Any CPU.ActiveCfg = Release|Any CPU
		{1D763099-F4EA-45CB-B369-2CD00C0CF551}.Release|Any CPU.Build.0 = Release|Any CPU
		{9C57D9EF-5434-4F38-B7E0-EC73E7BB2BB8}.Debug|Any CPU.ActiveCfg = Debug|Any CPU
		{9C57D9EF-5434-4F38-B7E0-EC73E7BB2BB8}.Debug|Any CPU.Build.0 = Debug|Any CPU
		{9C57D9EF-5434-4F38-B7E0-EC73E7BB2BB8}.Release|Any CPU.ActiveCfg = Release|Any CPU
		{9C57D9EF-5434-4F38-B7E0-EC73E7BB2BB8}.Release|Any CPU.Build.0 = Release|Any CPU
	EndGlobalSection
	GlobalSection(SolutionProperties) = preSolution
		HideSolutionNode = FALSE
	EndGlobalSection
	GlobalSection(ExtensibilityGlobals) = postSolution
		SolutionGuid = {1ACBA5E7-9815-4411-9F1A-758B80973F9D}
	EndGlobalSection
EndGlobal
